
Microsoft Visual Studio Solution File, Format Version 12.00
# Visual Studio 2013
VisualStudioVersion = 12.0.21005.1
MinimumVisualStudioVersion = 10.0.40219.1
Project("{FAE04EC0-301F-11D3-BF4B-00C04F79EFBC}") = "L01-App", "L01-App\L01-App.csproj", "{E7BEA189-BE08-4133-93FE-9021C0D685DE}"
EndProject
Project("{FAE04EC0-301F-11D3-BF4B-00C04F79EFBC}") = "L02-Controls", "L02-Controls\L02-Controls.csproj", "{B858FA38-AA09-44FE-8D28-674DC9310C45}"
EndProject
Project("{FAE04EC0-301F-11D3-BF4B-00C04F79EFBC}") = "L03-Navigation", "L03-Navigation\L03-Navigation.csproj", "{F65FEBCD-B6D3-4AA4-AB17-EB250BCD55C4}"
EndProject
Project("{FAE04EC0-301F-11D3-BF4B-00C04F79EFBC}") = "L04-Fragment", "L04-Fragment\L04-Fragment.csproj", "{7CA9D212-DEBB-45FE-93B3-2977F6F77ED4}"
EndProject
Project("{FAE04EC0-301F-11D3-BF4B-00C04F79EFBC}") = "L05-WebService", "L05-WebService\L05-WebService.csproj", "{50C520E2-D84F-480F-885F-CD77F91B53D4}"
EndProject
Project("{FAE04EC0-301F-11D3-BF4B-00C04F79EFBC}") = "L06-WebAPI_Json", "L06-WebAPI_Json\L06-WebAPI_Json.csproj", "{649F775E-58E2-4F6F-AF9E-A2B9CF126D40}"
EndProject
Project("{FAE04EC0-301F-11D3-BF4B-00C04F79EFBC}") = "L07-ListView", "L07-ListView\L07-ListView.csproj", "{033DF12C-F7A4-46B7-BF90-B18525C37F41}"
EndProject
Project("{FAE04EC0-301F-11D3-BF4B-00C04F79EFBC}") = "L08-CustomListView", "L08-CustomListView\L08-CustomListView.csproj", "{46BF2972-4DF1-45C2-B9DE-638943CD5D41}"
EndProject
Project("{FAE04EC0-301F-11D3-BF4B-00C04F79EFBC}") = "L09-GCM", "L09-GCM\L09-GCM.csproj", "{C0A6C8D5-B783-4392-AB0D-433D7D0FEC22}"
EndProject
Project("{FAE04EC0-301F-11D3-BF4B-00C04F79EFBC}") = "L09-GCM_Server", "L09-GCM_Server\L09-GCM_Server.csproj", "{B8BFB981-DA9A-47CC-979C-45B502117924}"
EndProject
Project("{FAE04EC0-301F-11D3-BF4B-00C04F79EFBC}") = "L10-SqliteNet", "L10-SqliteNet\L10-SqliteNet.csproj", "{BEFF4F86-BE15-4F6D-BDA1-ED974D187297}"
EndProject
Project("{FAE04EC0-301F-11D3-BF4B-00C04F79EFBC}") = "L11-ImageCapture", "L11-ImageCapture\L11-ImageCapture.csproj", "{25627474-FEF6-465F-907B-E5FD384EA334}"
EndProject
Project("{FAE04EC0-301F-11D3-BF4B-00C04F79EFBC}") = "L12-QRCode", "L12-QRCode\L12-QRCode.csproj", "{9EA07B58-B4A0-4978-B7DB-751760324633}"
EndProject
Project("{FAE04EC0-301F-11D3-BF4B-00C04F79EFBC}") = "L10-SqliteADO", "L10-SqliteADO\L10-SqliteADO.csproj", "{C24E068D-D3B6-4F59-9CDD-CEB199966478}"
EndProject
Global
	GlobalSection(SolutionConfigurationPlatforms) = preSolution
		Debug|Any CPU = Debug|Any CPU
		Release|Any CPU = Release|Any CPU
	EndGlobalSection
	GlobalSection(ProjectConfigurationPlatforms) = postSolution
		{E7BEA189-BE08-4133-93FE-9021C0D685DE}.Debug|Any CPU.ActiveCfg = Debug|Any CPU
		{E7BEA189-BE08-4133-93FE-9021C0D685DE}.Debug|Any CPU.Build.0 = Debug|Any CPU
		{E7BEA189-BE08-4133-93FE-9021C0D685DE}.Debug|Any CPU.Deploy.0 = Debug|Any CPU
		{E7BEA189-BE08-4133-93FE-9021C0D685DE}.Release|Any CPU.ActiveCfg = Release|Any CPU
		{E7BEA189-BE08-4133-93FE-9021C0D685DE}.Release|Any CPU.Build.0 = Release|Any CPU
		{E7BEA189-BE08-4133-93FE-9021C0D685DE}.Release|Any CPU.Deploy.0 = Release|Any CPU
		{B858FA38-AA09-44FE-8D28-674DC9310C45}.Debug|Any CPU.ActiveCfg = Debug|Any CPU
		{B858FA38-AA09-44FE-8D28-674DC9310C45}.Debug|Any CPU.Build.0 = Debug|Any CPU
		{B858FA38-AA09-44FE-8D28-674DC9310C45}.Debug|Any CPU.Deploy.0 = Debug|Any CPU
		{B858FA38-AA09-44FE-8D28-674DC9310C45}.Release|Any CPU.ActiveCfg = Release|Any CPU
		{B858FA38-AA09-44FE-8D28-674DC9310C45}.Release|Any CPU.Build.0 = Release|Any CPU
		{B858FA38-AA09-44FE-8D28-674DC9310C45}.Release|Any CPU.Deploy.0 = Release|Any CPU
		{F65FEBCD-B6D3-4AA4-AB17-EB250BCD55C4}.Debug|Any CPU.ActiveCfg = Debug|Any CPU
		{F65FEBCD-B6D3-4AA4-AB17-EB250BCD55C4}.Debug|Any CPU.Build.0 = Debug|Any CPU
		{F65FEBCD-B6D3-4AA4-AB17-EB250BCD55C4}.Debug|Any CPU.Deploy.0 = Debug|Any CPU
		{F65FEBCD-B6D3-4AA4-AB17-EB250BCD55C4}.Release|Any CPU.ActiveCfg = Release|Any CPU
		{F65FEBCD-B6D3-4AA4-AB17-EB250BCD55C4}.Release|Any CPU.Build.0 = Release|Any CPU
		{F65FEBCD-B6D3-4AA4-AB17-EB250BCD55C4}.Release|Any CPU.Deploy.0 = Release|Any CPU
		{7CA9D212-DEBB-45FE-93B3-2977F6F77ED4}.Debug|Any CPU.ActiveCfg = Debug|Any CPU
		{7CA9D212-DEBB-45FE-93B3-2977F6F77ED4}.Debug|Any CPU.Build.0 = Debug|Any CPU
		{7CA9D212-DEBB-45FE-93B3-2977F6F77ED4}.Debug|Any CPU.Deploy.0 = Debug|Any CPU
		{7CA9D212-DEBB-45FE-93B3-2977F6F77ED4}.Release|Any CPU.ActiveCfg = Release|Any CPU
		{7CA9D212-DEBB-45FE-93B3-2977F6F77ED4}.Release|Any CPU.Build.0 = Release|Any CPU
		{7CA9D212-DEBB-45FE-93B3-2977F6F77ED4}.Release|Any CPU.Deploy.0 = Release|Any CPU
		{50C520E2-D84F-480F-885F-CD77F91B53D4}.Debug|Any CPU.ActiveCfg = Debug|Any CPU
		{50C520E2-D84F-480F-885F-CD77F91B53D4}.Debug|Any CPU.Build.0 = Debug|Any CPU
		{50C520E2-D84F-480F-885F-CD77F91B53D4}.Debug|Any CPU.Deploy.0 = Debug|Any CPU
		{50C520E2-D84F-480F-885F-CD77F91B53D4}.Release|Any CPU.ActiveCfg = Release|Any CPU
		{50C520E2-D84F-480F-885F-CD77F91B53D4}.Release|Any CPU.Build.0 = Release|Any CPU
		{50C520E2-D84F-480F-885F-CD77F91B53D4}.Release|Any CPU.Deploy.0 = Release|Any CPU
		{649F775E-58E2-4F6F-AF9E-A2B9CF126D40}.Debug|Any CPU.ActiveCfg = Debug|Any CPU
		{649F775E-58E2-4F6F-AF9E-A2B9CF126D40}.Debug|Any CPU.Build.0 = Debug|Any CPU
		{649F775E-58E2-4F6F-AF9E-A2B9CF126D40}.Debug|Any CPU.Deploy.0 = Debug|Any CPU
		{649F775E-58E2-4F6F-AF9E-A2B9CF126D40}.Release|Any CPU.ActiveCfg = Release|Any CPU
		{649F775E-58E2-4F6F-AF9E-A2B9CF126D40}.Release|Any CPU.Build.0 = Release|Any CPU
		{649F775E-58E2-4F6F-AF9E-A2B9CF126D40}.Release|Any CPU.Deploy.0 = Release|Any CPU
		{033DF12C-F7A4-46B7-BF90-B18525C37F41}.Debug|Any CPU.ActiveCfg = Debug|Any CPU
		{033DF12C-F7A4-46B7-BF90-B18525C37F41}.Debug|Any CPU.Build.0 = Debug|Any CPU
		{033DF12C-F7A4-46B7-BF90-B18525C37F41}.Debug|Any CPU.Deploy.0 = Debug|Any CPU
		{033DF12C-F7A4-46B7-BF90-B18525C37F41}.Release|Any CPU.ActiveCfg = Release|Any CPU
		{033DF12C-F7A4-46B7-BF90-B18525C37F41}.Release|Any CPU.Build.0 = Release|Any CPU
		{033DF12C-F7A4-46B7-BF90-B18525C37F41}.Release|Any CPU.Deploy.0 = Release|Any CPU
		{46BF2972-4DF1-45C2-B9DE-638943CD5D41}.Debug|Any CPU.ActiveCfg = Debug|Any CPU
		{46BF2972-4DF1-45C2-B9DE-638943CD5D41}.Debug|Any CPU.Build.0 = Debug|Any CPU
		{46BF2972-4DF1-45C2-B9DE-638943CD5D41}.Debug|Any CPU.Deploy.0 = Debug|Any CPU
		{46BF2972-4DF1-45C2-B9DE-638943CD5D41}.Release|Any CPU.ActiveCfg = Release|Any CPU
		{46BF2972-4DF1-45C2-B9DE-638943CD5D41}.Release|Any CPU.Build.0 = Release|Any CPU
		{46BF2972-4DF1-45C2-B9DE-638943CD5D41}.Release|Any CPU.Deploy.0 = Release|Any CPU
		{C0A6C8D5-B783-4392-AB0D-433D7D0FEC22}.Debug|Any CPU.ActiveCfg = Debug|Any CPU
		{C0A6C8D5-B783-4392-AB0D-433D7D0FEC22}.Debug|Any CPU.Build.0 = Debug|Any CPU
		{C0A6C8D5-B783-4392-AB0D-433D7D0FEC22}.Debug|Any CPU.Deploy.0 = Debug|Any CPU
		{C0A6C8D5-B783-4392-AB0D-433D7D0FEC22}.Release|Any CPU.ActiveCfg = Release|Any CPU
		{C0A6C8D5-B783-4392-AB0D-433D7D0FEC22}.Release|Any CPU.Build.0 = Release|Any CPU
		{C0A6C8D5-B783-4392-AB0D-433D7D0FEC22}.Release|Any CPU.Deploy.0 = Release|Any CPU
		{B8BFB981-DA9A-47CC-979C-45B502117924}.Debug|Any CPU.ActiveCfg = Debug|Any CPU
		{B8BFB981-DA9A-47CC-979C-45B502117924}.Debug|Any CPU.Build.0 = Debug|Any CPU
		{B8BFB981-DA9A-47CC-979C-45B502117924}.Release|Any CPU.ActiveCfg = Release|Any CPU
		{B8BFB981-DA9A-47CC-979C-45B502117924}.Release|Any CPU.Build.0 = Release|Any CPU
		{BEFF4F86-BE15-4F6D-BDA1-ED974D187297}.Debug|Any CPU.ActiveCfg = Debug|Any CPU
		{BEFF4F86-BE15-4F6D-BDA1-ED974D187297}.Debug|Any CPU.Build.0 = Debug|Any CPU
		{BEFF4F86-BE15-4F6D-BDA1-ED974D187297}.Debug|Any CPU.Deploy.0 = Debug|Any CPU
		{BEFF4F86-BE15-4F6D-BDA1-ED974D187297}.Release|Any CPU.ActiveCfg = Release|Any CPU
		{BEFF4F86-BE15-4F6D-BDA1-ED974D187297}.Release|Any CPU.Build.0 = Release|Any CPU
		{BEFF4F86-BE15-4F6D-BDA1-ED974D187297}.Release|Any CPU.Deploy.0 = Release|Any CPU
		{25627474-FEF6-465F-907B-E5FD384EA334}.Debug|Any CPU.ActiveCfg = Debug|Any CPU
		{25627474-FEF6-465F-907B-E5FD384EA334}.Debug|Any CPU.Build.0 = Debug|Any CPU
		{25627474-FEF6-465F-907B-E5FD384EA334}.Debug|Any CPU.Deploy.0 = Debug|Any CPU
		{25627474-FEF6-465F-907B-E5FD384EA334}.Release|Any CPU.ActiveCfg = Release|Any CPU
		{25627474-FEF6-465F-907B-E5FD384EA334}.Release|Any CPU.Build.0 = Release|Any CPU
		{25627474-FEF6-465F-907B-E5FD384EA334}.Release|Any CPU.Deploy.0 = Release|Any CPU
		{9EA07B58-B4A0-4978-B7DB-751760324633}.Debug|Any CPU.ActiveCfg = Debug|Any CPU
		{9EA07B58-B4A0-4978-B7DB-751760324633}.Debug|Any CPU.Build.0 = Debug|Any CPU
		{9EA07B58-B4A0-4978-B7DB-751760324633}.Debug|Any CPU.Deploy.0 = Debug|Any CPU
		{9EA07B58-B4A0-4978-B7DB-751760324633}.Release|Any CPU.ActiveCfg = Release|Any CPU
		{9EA07B58-B4A0-4978-B7DB-751760324633}.Release|Any CPU.Build.0 = Release|Any CPU
		{9EA07B58-B4A0-4978-B7DB-751760324633}.Release|Any CPU.Deploy.0 = Release|Any CPU
		{C24E068D-D3B6-4F59-9CDD-CEB199966478}.Debug|Any CPU.ActiveCfg = Debug|Any CPU
		{C24E068D-D3B6-4F59-9CDD-CEB199966478}.Debug|Any CPU.Build.0 = Debug|Any CPU
		{C24E068D-D3B6-4F59-9CDD-CEB199966478}.Debug|Any CPU.Deploy.0 = Debug|Any CPU
		{C24E068D-D3B6-4F59-9CDD-CEB199966478}.Release|Any CPU.ActiveCfg = Release|Any CPU
		{C24E068D-D3B6-4F59-9CDD-CEB199966478}.Release|Any CPU.Build.0 = Release|Any CPU
		{C24E068D-D3B6-4F59-9CDD-CEB199966478}.Release|Any CPU.Deploy.0 = Release|Any CPU
	EndGlobalSection
	GlobalSection(SolutionProperties) = preSolution
		HideSolutionNode = FALSE
	EndGlobalSection
EndGlobal
